
Microsoft Visual Studio Solution File, Format Version 12.00
# Visual Studio Version 17
VisualStudioVersion = 17.6.33829.357
MinimumVisualStudioVersion = 10.0.40219.1
Project("{FAE04EC0-301F-11D3-BF4B-00C04F79EFBC}") = "MvcProjeKampi", "MvcProjeKampi\MvcProjeKampi.csproj", "{6B40DD3C-6851-4CE9-A78C-9947B89FBF9A}"
EndProject
Project("{FAE04EC0-301F-11D3-BF4B-00C04F79EFBC}") = "BusinessLayer", "BusinessLayer\BusinessLayer.csproj", "{72681FB4-A6D8-4FD5-9C5D-4CBAAADB5121}"
EndProject
Project("{FAE04EC0-301F-11D3-BF4B-00C04F79EFBC}") = "DataAccessLayer", "DataAccessLayer\DataAccessLayer.csproj", "{53EF98CB-5DB0-42B2-BCFF-32600BAA494C}"
EndProject
Project("{FAE04EC0-301F-11D3-BF4B-00C04F79EFBC}") = "EntityLayer", "EntityLayer\EntityLayer.csproj", "{CC5042E8-3AAC-4F69-B06C-3F12CAC03C6C}"
EndProject
Global
	GlobalSection(SolutionConfigurationPlatforms) = preSolution
		Debug|Any CPU = Debug|Any CPU
		Release|Any CPU = Release|Any CPU
	EndGlobalSection
	GlobalSection(ProjectConfigurationPlatforms) = postSolution
		{6B40DD3C-6851-4CE9-A78C-9947B89FBF9A}.Debug|Any CPU.ActiveCfg = Debug|Any CPU
		{6B40DD3C-6851-4CE9-A78C-9947B89FBF9A}.Debug|Any CPU.Build.0 = Debug|Any CPU
		{6B40DD3C-6851-4CE9-A78C-9947B89FBF9A}.Release|Any CPU.ActiveCfg = Release|Any CPU
		{6B40DD3C-6851-4CE9-A78C-9947B89FBF9A}.Release|Any CPU.Build.0 = Release|Any CPU
		{72681FB4-A6D8-4FD5-9C5D-4CBAAADB5121}.Debug|Any CPU.ActiveCfg = Debug|Any CPU
		{72681FB4-A6D8-4FD5-9C5D-4CBAAADB5121}.Debug|Any CPU.Build.0 = Debug|Any CPU
		{72681FB4-A6D8-4FD5-9C5D-4CBAAADB5121}.Release|Any CPU.ActiveCfg = Release|Any CPU
		{72681FB4-A6D8-4FD5-9C5D-4CBAAADB5121}.Release|Any CPU.Build.0 = Release|Any CPU
		{53EF98CB-5DB0-42B2-BCFF-32600BAA494C}.Debug|Any CPU.ActiveCfg = Debug|Any CPU
		{53EF98CB-5DB0-42B2-BCFF-32600BAA494C}.Debug|Any CPU.Build.0 = Debug|Any CPU
		{53EF98CB-5DB0-42B2-BCFF-32600BAA494C}.Release|Any CPU.ActiveCfg = Release|Any CPU
		{53EF98CB-5DB0-42B2-BCFF-32600BAA494C}.Release|Any CPU.Build.0 = Release|Any CPU
		{CC5042E8-3AAC-4F69-B06C-3F12CAC03C6C}.Debug|Any CPU.ActiveCfg = Debug|Any CPU
		{CC5042E8-3AAC-4F69-B06C-3F12CAC03C6C}.Debug|Any CPU.Build.0 = Debug|Any CPU
		{CC5042E8-3AAC-4F69-B06C-3F12CAC03C6C}.Release|Any CPU.ActiveCfg = Release|Any CPU
		{CC5042E8-3AAC-4F69-B06C-3F12CAC03C6C}.Release|Any CPU.Build.0 = Release|Any CPU
	EndGlobalSection
	GlobalSection(SolutionProperties) = preSolution
		HideSolutionNode = FALSE
	EndGlobalSection
	GlobalSection(ExtensibilityGlobals) = postSolution
		SolutionGuid = {A265A975-F9BE-46E9-B7A3-4C4406BC8CBB}
	EndGlobalSection
EndGlobal
